# Whisper-Tiny 导出依赖,下载日期 2026-09-15,来源均为 PyPI 官方文件服务.
openai_whisper-20250625.tar.gz|sha256=37a91a3921809d9f44748ffc73c0a55c9f366c85a3ef5c2ae0cc09540432eb96|https://files.pythonhosted.org/packages/35/8e/d36f8880bcf18ec026a55807d02fe4c7357da9f25aebd92f85178000c0dc/openai_whisper-20250625.tar.gz
tiktoken-0.11.0-cp311-cp311-manylinux_2_17_x86_64.manylinux2014_x86_64.whl|sha256=21e43022bf2c33f733ea9b54f6a3f6b4354b909f5a73388fb1b9347ca54a069c|https://files.pythonhosted.org/packages/34/9a/db7a86b829e05a01fd4daa492086f708e0a8b53952e1dbc9d380d2b03677/tiktoken-0.11.0-cp311-cp311-manylinux_2_17_x86_64.manylinux2014_x86_64.whl
numba-0.61.2-cp311-cp311-manylinux2014_x86_64.manylinux_2_17_x86_64.whl|sha256=3945615cd73c2c7eba2a85ccc9c1730c21cd3958bfcf5a44302abae0fb07bb60|https://files.pythonhosted.org/packages/97/c8/8740616c8436c86c1b9a62e72cb891177d2c34c2d24ddcde4c390371bf4c/numba-0.61.2-cp311-cp311-manylinux2014_x86_64.manylinux_2_17_x86_64.whl
llvmlite-0.44.0-cp311-cp311-manylinux_2_17_x86_64.manylinux2014_x86_64.whl|sha256=c5d22c3bfc842668168a786af4205ec8e3ad29fb1bc03fd11fd48460d0df64c1|https://files.pythonhosted.org/packages/99/fe/d030f1849ebb1f394bb3f7adad5e729b634fb100515594aca25c354ffc62/llvmlite-0.44.0-cp311-cp311-manylinux_2_17_x86_64.manylinux2014_x86_64.whl
more_itertools-10.7.0-py3-none-any.whl|sha256=d43980384673cb07d2f7d2d918c616b30c659c089ee23953f601d6609c67510e|https://files.pythonhosted.org/packages/2b/9f/7ba6f94fc1e9ac3d2b853fdff3035fb2fa5afbed898c4a72b8a020610594/more_itertools-10.7.0-py3-none-any.whl
regex-2025.9.18-cp311-cp311-manylinux2014_x86_64.manylinux_2_17_x86_64.manylinux_2_28_x86_64.whl|sha256=f2f422214a03fab16bfa495cfec72bee4aaa5731843b771860a471282f1bf74f|https://files.pythonhosted.org/packages/fe/d0/c51d1e6a80eab11ef96a4cbad17fc0310cf68994fb01a7283276b7e5bbd6/regex-2025.9.18-cp311-cp311-manylinux2014_x86_64.manylinux_2_17_x86_64.manylinux_2_28_x86_64.whl
