# Whisper-Tiny 导出依赖,下载日期 2026-09-15,来源均为 PyPI 官方文件服务.
openai_whisper-20250625.tar.gz|https://files.pythonhosted.org/packages/35/8e/d36f8880bcf18ec026a55807d02fe4c7357da9f25aebd92f85178000c0dc/openai_whisper-20250625.tar.gz
tiktoken-0.11.0-cp311-cp311-manylinux_2_17_x86_64.manylinux2014_x86_64.whl|https://files.pythonhosted.org/packages/34/9a/db7a86b829e05a01fd4daa492086f708e0a8b53952e1dbc9d380d2b03677/tiktoken-0.11.0-cp311-cp311-manylinux_2_17_x86_64.manylinux2014_x86_64.whl
numba-0.61.2-cp311-cp311-manylinux2014_x86_64.manylinux_2_17_x86_64.whl|https://files.pythonhosted.org/packages/97/c8/8740616c8436c86c1b9a62e72cb891177d2c34c2d24ddcde4c390371bf4c/numba-0.61.2-cp311-cp311-manylinux2014_x86_64.manylinux_2_17_x86_64.whl
llvmlite-0.44.0-cp311-cp311-manylinux_2_17_x86_64.manylinux2014_x86_64.whl|https://files.pythonhosted.org/packages/99/fe/d030f1849ebb1f394bb3f7adad5e729b634fb100515594aca25c354ffc62/llvmlite-0.44.0-cp311-cp311-manylinux_2_17_x86_64.manylinux2014_x86_64.whl
more_itertools-10.7.0-py3-none-any.whl|https://files.pythonhosted.org/packages/2b/9f/7ba6f94fc1e9ac3d2b853fdff3035fb2fa5afbed898c4a72b8a020610594/more_itertools-10.7.0-py3-none-any.whl
regex-2025.9.18-cp311-cp311-manylinux2014_x86_64.manylinux_2_17_x86_64.manylinux_2_28_x86_64.whl|https://files.pythonhosted.org/packages/fe/d0/c51d1e6a80eab11ef96a4cbad17fc0310cf68994fb01a7283276b7e5bbd6/regex-2025.9.18-cp311-cp311-manylinux2014_x86_64.manylinux_2_17_x86_64.manylinux_2_28_x86_64.whl
